{
  "version": "3",
  "packages": {
    "specifiers": {
      "jsr:@std/assert@0.226": "jsr:@std/assert@0.226.0",
      "jsr:@std/cli@0.224.6": "jsr:@std/cli@0.224.6",
      "jsr:@std/fmt@0.225.4": "jsr:@std/fmt@0.225.4",
      "jsr:@std/internal@^1.0.0": "jsr:@std/internal@1.0.0"
    },
    "jsr": {
      "@std/assert@0.226.0": {
        "integrity": "0dfb5f7c7723c18cec118e080fec76ce15b4c31154b15ad2bd74822603ef75b3",
        "dependencies": [
          "jsr:@std/internal@^1.0.0"
        ]
      },
      "@std/cli@0.224.6": {
        "integrity": "98d7e17a70c1c24980baa2b9a511b29e0a460e7a3b8e3d4e220979d77d5f348e"
      },
      "@std/fmt@0.225.4": {
        "integrity": "584c681cf422b70e28959b57e59012823609c087384cbf12d05f67814797fda3"
      },
      "@std/internal@1.0.0": {
        "integrity": "ac6a6dfebf838582c4b4f61a6907374e27e05bedb6ce276e0f1608fe84e7cd9a"
      }
    }
  },
  "remote": {}
}
